# This file was autogenerated by Stack.
# You should not edit this file by hand.
# For more information, please see the documentation at:
#   https://docs.haskellstack.org/en/stable/lock_files

packages: []
snapshots:
- completed:
    size: 523443
    url: https://raw.githubusercontent.com/commercialhaskell/stackage-snapshots/master/lts/14/0.yaml
    sha256: 283773e7120f5446d961eab35ea95c9af9c24187cc178537bd29273200a05171
  original: lts-14.0
