# This file was autogenerated by Stack.
# You should not edit this file by hand.
# For more information, please see the documentation at:
#   https://docs.haskellstack.org/en/stable/lock_files

packages: []
snapshots:
- completed:
    size: 545658
    url: https://raw.githubusercontent.com/commercialhaskell/stackage-snapshots/master/lts/14/12.yaml
    sha256: 26b807457213126d26b595439d705dc824dbb7618b0de6b900adc2bf6a059406
  original: lts-14.12
